
Microsoft Visual Studio Solution File, Format Version 12.00
# Visual Studio Version 16
VisualStudioVersion = 16.0.29503.13
MinimumVisualStudioVersion = 10.0.40219.1
Project("{FAE04EC0-301F-11D3-BF4B-00C04F79EFBC}") = "Crudtelasql", "Crudtelasql\Crudtelasql.csproj", "{873C2B7B-6ABB-4778-ADD6-3EB05F7C5F1D}"
EndProject
Global
	GlobalSection(SolutionConfigurationPlatforms) = preSolution
		Debug|Any CPU = Debug|Any CPU
		Release|Any CPU = Release|Any CPU
	EndGlobalSection
	GlobalSection(ProjectConfigurationPlatforms) = postSolution
		{873C2B7B-6ABB-4778-ADD6-3EB05F7C5F1D}.Debug|Any CPU.ActiveCfg = Debug|Any CPU
		{873C2B7B-6ABB-4778-ADD6-3EB05F7C5F1D}.Debug|Any CPU.Build.0 = Debug|Any CPU
		{873C2B7B-6ABB-4778-ADD6-3EB05F7C5F1D}.Release|Any CPU.ActiveCfg = Release|Any CPU
		{873C2B7B-6ABB-4778-ADD6-3EB05F7C5F1D}.Release|Any CPU.Build.0 = Release|Any CPU
	EndGlobalSection
	GlobalSection(SolutionProperties) = preSolution
		HideSolutionNode = FALSE
	EndGlobalSection
	GlobalSection(ExtensibilityGlobals) = postSolution
		SolutionGuid = {97AD89BE-A771-484B-927B-5E0B34E01DE0}
	EndGlobalSection
EndGlobal
